
Microsoft Visual Studio Solution File, Format Version 12.00
# Visual Studio Version 17
VisualStudioVersion = 17.14.36121.58
MinimumVisualStudioVersion = 10.0.40219.1
Project("{FAE04EC0-301F-11D3-BF4B-00C04F79EFBC}") = "xyDB", "xyDB\xyDB.csproj", "{AB78264C-A6A3-4E53-93D9-31135D7311D3}"
EndProject
Project("{FAE04EC0-301F-11D3-BF4B-00C04F79EFBC}") = "xyDB.Tests", "xyDB.Tests\xyDB.Tests.csproj", "{1EC97DA7-99C8-447F-9B36-74B5B18CB105}"
EndProject
Project("{FAE04EC0-301F-11D3-BF4B-00C04F79EFBC}") = "xyDB.AspNetCore", "xyDB.AspNetCore\xyDB.AspNetCore.csproj", "{7AFE2C93-2A9B-4BA3-BF92-6B9B11D25D77}"
EndProject
Global
	GlobalSection(SolutionConfigurationPlatforms) = preSolution
		Debug|Any CPU = Debug|Any CPU
		Debug|x64 = Debug|x64
		Debug|x86 = Debug|x86
		Release|Any CPU = Release|Any CPU
		Release|x64 = Release|x64
		Release|x86 = Release|x86
	EndGlobalSection
	GlobalSection(ProjectConfigurationPlatforms) = postSolution
		{AB78264C-A6A3-4E53-93D9-31135D7311D3}.Debug|Any CPU.ActiveCfg = Debug|Any CPU
		{AB78264C-A6A3-4E53-93D9-31135D7311D3}.Debug|Any CPU.Build.0 = Debug|Any CPU
		{AB78264C-A6A3-4E53-93D9-31135D7311D3}.Debug|x64.ActiveCfg = Debug|Any CPU
		{AB78264C-A6A3-4E53-93D9-31135D7311D3}.Debug|x64.Build.0 = Debug|Any CPU
		{AB78264C-A6A3-4E53-93D9-31135D7311D3}.Debug|x86.ActiveCfg = Debug|Any CPU
		{AB78264C-A6A3-4E53-93D9-31135D7311D3}.Debug|x86.Build.0 = Debug|Any CPU
		{AB78264C-A6A3-4E53-93D9-31135D7311D3}.Release|Any CPU.ActiveCfg = Release|Any CPU
		{AB78264C-A6A3-4E53-93D9-31135D7311D3}.Release|Any CPU.Build.0 = Release|Any CPU
		{AB78264C-A6A3-4E53-93D9-31135D7311D3}.Release|x64.ActiveCfg = Release|Any CPU
		{AB78264C-A6A3-4E53-93D9-31135D7311D3}.Release|x64.Build.0 = Release|Any CPU
		{AB78264C-A6A3-4E53-93D9-31135D7311D3}.Release|x86.ActiveCfg = Release|Any CPU
		{AB78264C-A6A3-4E53-93D9-31135D7311D3}.Release|x86.Build.0 = Release|Any CPU
		{1EC97DA7-99C8-447F-9B36-74B5B18CB105}.Debug|Any CPU.ActiveCfg = Debug|Any CPU
		{1EC97DA7-99C8-447F-9B36-74B5B18CB105}.Debug|Any CPU.Build.0 = Debug|Any CPU
		{1EC97DA7-99C8-447F-9B36-74B5B18CB105}.Debug|x64.ActiveCfg = Debug|Any CPU
		{1EC97DA7-99C8-447F-9B36-74B5B18CB105}.Debug|x64.Build.0 = Debug|Any CPU
		{1EC97DA7-99C8-447F-9B36-74B5B18CB105}.Debug|x86.ActiveCfg = Debug|Any CPU
		{1EC97DA7-99C8-447F-9B36-74B5B18CB105}.Debug|x86.Build.0 = Debug|Any CPU
		{1EC97DA7-99C8-447F-9B36-74B5B18CB105}.Release|Any CPU.ActiveCfg = Release|Any CPU
		{1EC97DA7-99C8-447F-9B36-74B5B18CB105}.Release|Any CPU.Build.0 = Release|Any CPU
		{1EC97DA7-99C8-447F-9B36-74B5B18CB105}.Release|x64.ActiveCfg = Release|Any CPU
		{1EC97DA7-99C8-447F-9B36-74B5B18CB105}.Release|x64.Build.0 = Release|Any CPU
		{1EC97DA7-99C8-447F-9B36-74B5B18CB105}.Release|x86.ActiveCfg = Release|Any CPU
		{1EC97DA7-99C8-447F-9B36-74B5B18CB105}.Release|x86.Build.0 = Release|Any CPU
		{7AFE2C93-2A9B-4BA3-BF92-6B9B11D25D77}.Debug|Any CPU.ActiveCfg = Debug|Any CPU
		{7AFE2C93-2A9B-4BA3-BF92-6B9B11D25D77}.Debug|Any CPU.Build.0 = Debug|Any CPU
		{7AFE2C93-2A9B-4BA3-BF92-6B9B11D25D77}.Debug|x64.ActiveCfg = Debug|Any CPU
		{7AFE2C93-2A9B-4BA3-BF92-6B9B11D25D77}.Debug|x64.Build.0 = Debug|Any CPU
		{7AFE2C93-2A9B-4BA3-BF92-6B9B11D25D77}.Debug|x86.ActiveCfg = Debug|Any CPU
		{7AFE2C93-2A9B-4BA3-BF92-6B9B11D25D77}.Debug|x86.Build.0 = Debug|Any CPU
		{7AFE2C93-2A9B-4BA3-BF92-6B9B11D25D77}.Release|Any CPU.ActiveCfg = Release|Any CPU
		{7AFE2C93-2A9B-4BA3-BF92-6B9B11D25D77}.Release|Any CPU.Build.0 = Release|Any CPU
		{7AFE2C93-2A9B-4BA3-BF92-6B9B11D25D77}.Release|x64.ActiveCfg = Release|Any CPU
		{7AFE2C93-2A9B-4BA3-BF92-6B9B11D25D77}.Release|x64.Build.0 = Release|Any CPU
		{7AFE2C93-2A9B-4BA3-BF92-6B9B11D25D77}.Release|x86.ActiveCfg = Release|Any CPU
		{7AFE2C93-2A9B-4BA3-BF92-6B9B11D25D77}.Release|x86.Build.0 = Release|Any CPU
	EndGlobalSection
	GlobalSection(SolutionProperties) = preSolution
		HideSolutionNode = FALSE
	EndGlobalSection
	GlobalSection(ExtensibilityGlobals) = postSolution
		SolutionGuid = {7748CADB-DE59-4D5A-BDD9-9543628EF7E4}
	EndGlobalSection
EndGlobal
